
Microsoft Visual Studio Solution File, Format Version 12.00
# Visual Studio Version 17
VisualStudioVersion = 17.4.33213.308
MinimumVisualStudioVersion = 10.0.40219.1
Project("{FAE04EC0-301F-11D3-BF4B-00C04F79EFBC}") = "ConsoleApp1", "ConsoleApp1\ConsoleApp1.csproj", "{00D843C6-4168-41DF-BF36-92569771081F}"
EndProject
Project("{9A19103F-16F7-4668-BE54-9A1E7A4F7556}") = "ConsoleApp2", "ConsoleApp2\ConsoleApp2.csproj", "{6002E34E-8AE6-4598-963E-AFFF04D2CD55}"
EndProject
Project("{FAE04EC0-301F-11D3-BF4B-00C04F79EFBC}") = "ConsoleApp3", "ConsoleApp3\ConsoleApp3.csproj", "{31C8B040-088D-49E4-BA23-9499F41F3CA7}"
EndProject
Global
	GlobalSection(SolutionConfigurationPlatforms) = preSolution
		Debug|Any CPU = Debug|Any CPU
		Release|Any CPU = Release|Any CPU
	EndGlobalSection
	GlobalSection(ProjectConfigurationPlatforms) = postSolution
		{00D843C6-4168-41DF-BF36-92569771081F}.Debug|Any CPU.ActiveCfg = Debug|Any CPU
		{00D843C6-4168-41DF-BF36-92569771081F}.Debug|Any CPU.Build.0 = Debug|Any CPU
		{00D843C6-4168-41DF-BF36-92569771081F}.Release|Any CPU.ActiveCfg = Release|Any CPU
		{00D843C6-4168-41DF-BF36-92569771081F}.Release|Any CPU.Build.0 = Release|Any CPU
		{6002E34E-8AE6-4598-963E-AFFF04D2CD55}.Debug|Any CPU.ActiveCfg = Debug|Any CPU
		{6002E34E-8AE6-4598-963E-AFFF04D2CD55}.Debug|Any CPU.Build.0 = Debug|Any CPU
		{6002E34E-8AE6-4598-963E-AFFF04D2CD55}.Release|Any CPU.ActiveCfg = Release|Any CPU
		{6002E34E-8AE6-4598-963E-AFFF04D2CD55}.Release|Any CPU.Build.0 = Release|Any CPU
		{31C8B040-088D-49E4-BA23-9499F41F3CA7}.Debug|Any CPU.ActiveCfg = Debug|Any CPU
		{31C8B040-088D-49E4-BA23-9499F41F3CA7}.Debug|Any CPU.Build.0 = Debug|Any CPU
		{31C8B040-088D-49E4-BA23-9499F41F3CA7}.Release|Any CPU.ActiveCfg = Release|Any CPU
		{31C8B040-088D-49E4-BA23-9499F41F3CA7}.Release|Any CPU.Build.0 = Release|Any CPU
	EndGlobalSection
	GlobalSection(SolutionProperties) = preSolution
		HideSolutionNode = FALSE
	EndGlobalSection
	GlobalSection(ExtensibilityGlobals) = postSolution
		SolutionGuid = {BF38AA11-B679-4074-8A7A-C59CEB272A22}
	EndGlobalSection
EndGlobal
