
Microsoft Visual Studio Solution File, Format Version 12.00
# Visual Studio Version 17
VisualStudioVersion = 17.4.33213.308
MinimumVisualStudioVersion = 10.0.40219.1
Project("{FAE04EC0-301F-11D3-BF4B-00C04F79EFBC}") = "CreateExcel", "CreateExcel\CreateExcel.csproj", "{B1F0E82D-ABBF-4FE1-84FF-7C4711C9B0EA}"
EndProject
Global
	GlobalSection(SolutionConfigurationPlatforms) = preSolution
		Debug|Any CPU = Debug|Any CPU
		Release|Any CPU = Release|Any CPU
	EndGlobalSection
	GlobalSection(ProjectConfigurationPlatforms) = postSolution
		{B1F0E82D-ABBF-4FE1-84FF-7C4711C9B0EA}.Debug|Any CPU.ActiveCfg = Debug|Any CPU
		{B1F0E82D-ABBF-4FE1-84FF-7C4711C9B0EA}.Debug|Any CPU.Build.0 = Debug|Any CPU
		{B1F0E82D-ABBF-4FE1-84FF-7C4711C9B0EA}.Release|Any CPU.ActiveCfg = Release|Any CPU
		{B1F0E82D-ABBF-4FE1-84FF-7C4711C9B0EA}.Release|Any CPU.Build.0 = Release|Any CPU
	EndGlobalSection
	GlobalSection(SolutionProperties) = preSolution
		HideSolutionNode = FALSE
	EndGlobalSection
	GlobalSection(ExtensibilityGlobals) = postSolution
		SolutionGuid = {936B6566-EBF6-48F7-AAF2-52690E023A42}
	EndGlobalSection
EndGlobal
