
Microsoft Visual Studio Solution File, Format Version 12.00
# Visual Studio Version 17
VisualStudioVersion = 17.4.33213.308
MinimumVisualStudioVersion = 10.0.40219.1
Project("{FAE04EC0-301F-11D3-BF4B-00C04F79EFBC}") = "solid", "solid\solid.csproj", "{FBD828B7-6B57-4422-889C-470580D688D8}"
EndProject
Global
	GlobalSection(SolutionConfigurationPlatforms) = preSolution
		Debug|Any CPU = Debug|Any CPU
		Release|Any CPU = Release|Any CPU
	EndGlobalSection
	GlobalSection(ProjectConfigurationPlatforms) = postSolution
		{FBD828B7-6B57-4422-889C-470580D688D8}.Debug|Any CPU.ActiveCfg = Debug|Any CPU
		{FBD828B7-6B57-4422-889C-470580D688D8}.Debug|Any CPU.Build.0 = Debug|Any CPU
		{FBD828B7-6B57-4422-889C-470580D688D8}.Release|Any CPU.ActiveCfg = Release|Any CPU
		{FBD828B7-6B57-4422-889C-470580D688D8}.Release|Any CPU.Build.0 = Release|Any CPU
	EndGlobalSection
	GlobalSection(SolutionProperties) = preSolution
		HideSolutionNode = FALSE
	EndGlobalSection
	GlobalSection(ExtensibilityGlobals) = postSolution
		SolutionGuid = {FAFF5C1E-07A2-426C-B772-160BC86B29D1}
	EndGlobalSection
EndGlobal
