
Microsoft Visual Studio Solution File, Format Version 12.00
# Visual Studio Version 17
VisualStudioVersion = 17.4.33213.308
MinimumVisualStudioVersion = 10.0.40219.1
Project("{9A19103F-16F7-4668-BE54-9A1E7A4F7556}") = "EngineeringComputer", "EngineeringComputer\EngineeringComputer.csproj", "{75D579D2-BE24-4E47-A531-0A9AC0889017}"
EndProject
Project("{54435603-DBB4-11D2-8724-00A0C9A8B90C}") = "Setup1", "Setup1\Setup1.vdproj", "{E61C96F5-2E0B-4932-BC1B-6580490F78EE}"
EndProject
Global
	GlobalSection(SolutionConfigurationPlatforms) = preSolution
		Debug|Any CPU = Debug|Any CPU
		Debug|arm64 = Debug|arm64
		Debug|x86 = Debug|x86
		Release|Any CPU = Release|Any CPU
		Release|arm64 = Release|arm64
		Release|x86 = Release|x86
	EndGlobalSection
	GlobalSection(ProjectConfigurationPlatforms) = postSolution
		{75D579D2-BE24-4E47-A531-0A9AC0889017}.Debug|Any CPU.ActiveCfg = Debug|Any CPU
		{75D579D2-BE24-4E47-A531-0A9AC0889017}.Debug|Any CPU.Build.0 = Debug|Any CPU
		{75D579D2-BE24-4E47-A531-0A9AC0889017}.Debug|arm64.ActiveCfg = Debug|Any CPU
		{75D579D2-BE24-4E47-A531-0A9AC0889017}.Debug|arm64.Build.0 = Debug|Any CPU
		{75D579D2-BE24-4E47-A531-0A9AC0889017}.Debug|x86.ActiveCfg = Debug|Any CPU
		{75D579D2-BE24-4E47-A531-0A9AC0889017}.Debug|x86.Build.0 = Debug|Any CPU
		{75D579D2-BE24-4E47-A531-0A9AC0889017}.Release|Any CPU.ActiveCfg = Release|Any CPU
		{75D579D2-BE24-4E47-A531-0A9AC0889017}.Release|Any CPU.Build.0 = Release|Any CPU
		{75D579D2-BE24-4E47-A531-0A9AC0889017}.Release|arm64.ActiveCfg = Release|Any CPU
		{75D579D2-BE24-4E47-A531-0A9AC0889017}.Release|arm64.Build.0 = Release|Any CPU
		{75D579D2-BE24-4E47-A531-0A9AC0889017}.Release|x86.ActiveCfg = Release|Any CPU
		{75D579D2-BE24-4E47-A531-0A9AC0889017}.Release|x86.Build.0 = Release|Any CPU
		{E61C96F5-2E0B-4932-BC1B-6580490F78EE}.Debug|Any CPU.ActiveCfg = Debug
		{E61C96F5-2E0B-4932-BC1B-6580490F78EE}.Debug|arm64.ActiveCfg = Debug
		{E61C96F5-2E0B-4932-BC1B-6580490F78EE}.Debug|x86.ActiveCfg = Debug
		{E61C96F5-2E0B-4932-BC1B-6580490F78EE}.Release|Any CPU.ActiveCfg = Release
		{E61C96F5-2E0B-4932-BC1B-6580490F78EE}.Release|arm64.ActiveCfg = Release
		{E61C96F5-2E0B-4932-BC1B-6580490F78EE}.Release|x86.ActiveCfg = Release
	EndGlobalSection
	GlobalSection(SolutionProperties) = preSolution
		HideSolutionNode = FALSE
	EndGlobalSection
	GlobalSection(ExtensibilityGlobals) = postSolution
		SolutionGuid = {ED2DFBA3-C273-42EF-A6BD-F64B8AAD0D3B}
	EndGlobalSection
EndGlobal
